
Microsoft Visual Studio Solution File, Format Version 12.00
# Visual Studio Version 16
VisualStudioVersion = 16.0.31702.278
MinimumVisualStudioVersion = 10.0.40219.1
Project("{9A19103F-16F7-4668-BE54-9A1E7A4F7556}") = "FastType", "src\FastType.csproj", "{A12D22E3-CA8E-4AB5-8AFB-DC7D05A8819C}"
EndProject
Global
	GlobalSection(SolutionConfigurationPlatforms) = preSolution
		Debug|Any CPU = Debug|Any CPU
		Release|Any CPU = Release|Any CPU
	EndGlobalSection
	GlobalSection(ProjectConfigurationPlatforms) = postSolution
		{A12D22E3-CA8E-4AB5-8AFB-DC7D05A8819C}.Debug|Any CPU.ActiveCfg = Debug|Any CPU
		{A12D22E3-CA8E-4AB5-8AFB-DC7D05A8819C}.Debug|Any CPU.Build.0 = Debug|Any CPU
		{A12D22E3-CA8E-4AB5-8AFB-DC7D05A8819C}.Release|Any CPU.ActiveCfg = Release|Any CPU
		{A12D22E3-CA8E-4AB5-8AFB-DC7D05A8819C}.Release|Any CPU.Build.0 = Release|Any CPU
	EndGlobalSection
	GlobalSection(SolutionProperties) = preSolution
		HideSolutionNode = FALSE
	EndGlobalSection
	GlobalSection(ExtensibilityGlobals) = postSolution
		SolutionGuid = {D5CDCB26-4944-4D3F-91D2-EFBE6840BCA4}
	EndGlobalSection
EndGlobal
